{
  "meteor": {},
  "dependencies": {
    "basePackages": {
      "iron-router": {},
      "famono": {},
      "famous-components": {},
      "less-bootstrap-3": {},
      "font-awesome-4-less": {}
    },
    "packages": {
      "iron-router": {
        "git": "https://github.com/EventedMind/iron-router.git",
        "tag": "v0.7.1",
        "commit": "d1ffb3f06ea4c112132b030f2eb1a70b81675ecb"
      },
      "famono": {
        "git": "https://github.com/raix/Meteor-famono.git",
        "tag": "v0.3.11",
        "commit": "d7c6dbc471ad034e2dc0f7d557838c474604cee9"
      },
      "famous-components": {
        "git": "https://github.com/gadicc/meteor-famous-components.git",
        "tag": "v0.0.15",
        "commit": "371bb247a45ee3c446202b38680be53d5229118d"
      },
      "less-bootstrap-3": {
        "git": "https://github.com/DerMambo/less-bootstrap-3.git",
        "tag": "v0.0.1",
        "commit": "1321ac0ebc809bc354186b96f4c28b7042e38507"
      },
      "font-awesome-4-less": {
        "git": "https://github.com/svub/fontawesome4-less.git",
        "tag": "v4.4.0",
        "commit": "250d2336a217c18eb70e9d074784a7db3ca38472"
      },
      "blaze-layout": {
        "git": "https://github.com/EventedMind/blaze-layout.git",
        "tag": "v0.2.4",
        "commit": "b40e9b0612329288d75cf52ad14a7da64bb8618f"
      },
      "pince": {
        "git": "https://github.com/mad-eye/pince.git",
        "tag": "v0.0.5",
        "commit": "4524ecc0bdf043c49dc62e91bbd8a99c661081ed"
      }
    }
  }
}
